
Microsoft Visual Studio Solution File, Format Version 12.00
# Visual Studio Version 16
VisualStudioVersion = 16.0.31321.278
MinimumVisualStudioVersion = 10.0.40219.1
Project("{FAE04EC0-301F-11D3-BF4B-00C04F79EFBC}") = "Exercicio1", "Exercicio1\Exercicio1.csproj", "{6A056641-84BE-44C7-91A8-FF6460358AF3}"
EndProject
Global
	GlobalSection(SolutionConfigurationPlatforms) = preSolution
		Debug|Any CPU = Debug|Any CPU
		Release|Any CPU = Release|Any CPU
	EndGlobalSection
	GlobalSection(ProjectConfigurationPlatforms) = postSolution
		{6A056641-84BE-44C7-91A8-FF6460358AF3}.Debug|Any CPU.ActiveCfg = Debug|Any CPU
		{6A056641-84BE-44C7-91A8-FF6460358AF3}.Debug|Any CPU.Build.0 = Debug|Any CPU
		{6A056641-84BE-44C7-91A8-FF6460358AF3}.Release|Any CPU.ActiveCfg = Release|Any CPU
		{6A056641-84BE-44C7-91A8-FF6460358AF3}.Release|Any CPU.Build.0 = Release|Any CPU
	EndGlobalSection
	GlobalSection(SolutionProperties) = preSolution
		HideSolutionNode = FALSE
	EndGlobalSection
	GlobalSection(ExtensibilityGlobals) = postSolution
		SolutionGuid = {77B580B5-123F-46A1-9793-AAB927A53089}
	EndGlobalSection
EndGlobal
