
Microsoft Visual Studio Solution File, Format Version 12.00
# Visual Studio Version 16
VisualStudioVersion = 16.0.31321.278
MinimumVisualStudioVersion = 10.0.40219.1
Project("{FAE04EC0-301F-11D3-BF4B-00C04F79EFBC}") = "CriandoFunção", "CriandoFunção\CriandoFunção.csproj", "{408BE250-A917-4FB9-8809-D0A64B39159A}"
EndProject
Global
	GlobalSection(SolutionConfigurationPlatforms) = preSolution
		Debug|Any CPU = Debug|Any CPU
		Release|Any CPU = Release|Any CPU
	EndGlobalSection
	GlobalSection(ProjectConfigurationPlatforms) = postSolution
		{408BE250-A917-4FB9-8809-D0A64B39159A}.Debug|Any CPU.ActiveCfg = Debug|Any CPU
		{408BE250-A917-4FB9-8809-D0A64B39159A}.Debug|Any CPU.Build.0 = Debug|Any CPU
		{408BE250-A917-4FB9-8809-D0A64B39159A}.Release|Any CPU.ActiveCfg = Release|Any CPU
		{408BE250-A917-4FB9-8809-D0A64B39159A}.Release|Any CPU.Build.0 = Release|Any CPU
	EndGlobalSection
	GlobalSection(SolutionProperties) = preSolution
		HideSolutionNode = FALSE
	EndGlobalSection
	GlobalSection(ExtensibilityGlobals) = postSolution
		SolutionGuid = {14C2A34C-995B-49CA-BD93-829CD99A7954}
	EndGlobalSection
EndGlobal
