
Microsoft Visual Studio Solution File, Format Version 12.00
# Visual Studio Version 16
VisualStudioVersion = 16.0.31321.278
MinimumVisualStudioVersion = 10.0.40219.1
Project("{FAE04EC0-301F-11D3-BF4B-00C04F79EFBC}") = "ExercicioProposto3", "ExercicioProposto3\ExercicioProposto3.csproj", "{D476DCCB-B8EF-44C9-B12E-6CFC09F058F9}"
EndProject
Global
	GlobalSection(SolutionConfigurationPlatforms) = preSolution
		Debug|Any CPU = Debug|Any CPU
		Release|Any CPU = Release|Any CPU
	EndGlobalSection
	GlobalSection(ProjectConfigurationPlatforms) = postSolution
		{D476DCCB-B8EF-44C9-B12E-6CFC09F058F9}.Debug|Any CPU.ActiveCfg = Debug|Any CPU
		{D476DCCB-B8EF-44C9-B12E-6CFC09F058F9}.Debug|Any CPU.Build.0 = Debug|Any CPU
		{D476DCCB-B8EF-44C9-B12E-6CFC09F058F9}.Release|Any CPU.ActiveCfg = Release|Any CPU
		{D476DCCB-B8EF-44C9-B12E-6CFC09F058F9}.Release|Any CPU.Build.0 = Release|Any CPU
	EndGlobalSection
	GlobalSection(SolutionProperties) = preSolution
		HideSolutionNode = FALSE
	EndGlobalSection
	GlobalSection(ExtensibilityGlobals) = postSolution
		SolutionGuid = {02CAE9CD-2CD4-4479-AFED-1C4B40DAC7A6}
	EndGlobalSection
EndGlobal
