
Microsoft Visual Studio Solution File, Format Version 12.00
# Visual Studio Version 16
VisualStudioVersion = 16.0.31019.35
MinimumVisualStudioVersion = 10.0.40219.1
Project("{FAE04EC0-301F-11D3-BF4B-00C04F79EFBC}") = "Course2", "Course2\Course2.csproj", "{5B755E51-7C05-4671-8C0F-75CA8FEE278D}"
EndProject
Global
	GlobalSection(SolutionConfigurationPlatforms) = preSolution
		Debug|Any CPU = Debug|Any CPU
		Release|Any CPU = Release|Any CPU
	EndGlobalSection
	GlobalSection(ProjectConfigurationPlatforms) = postSolution
		{5B755E51-7C05-4671-8C0F-75CA8FEE278D}.Debug|Any CPU.ActiveCfg = Debug|Any CPU
		{5B755E51-7C05-4671-8C0F-75CA8FEE278D}.Debug|Any CPU.Build.0 = Debug|Any CPU
		{5B755E51-7C05-4671-8C0F-75CA8FEE278D}.Release|Any CPU.ActiveCfg = Release|Any CPU
		{5B755E51-7C05-4671-8C0F-75CA8FEE278D}.Release|Any CPU.Build.0 = Release|Any CPU
	EndGlobalSection
	GlobalSection(SolutionProperties) = preSolution
		HideSolutionNode = FALSE
	EndGlobalSection
	GlobalSection(ExtensibilityGlobals) = postSolution
		SolutionGuid = {AF2298FB-C53D-4317-969D-69131ABD489B}
	EndGlobalSection
EndGlobal
