
Microsoft Visual Studio Solution File, Format Version 12.00
# Visual Studio Version 16
VisualStudioVersion = 16.0.31105.61
MinimumVisualStudioVersion = 10.0.40219.1
Project("{FAE04EC0-301F-11D3-BF4B-00C04F79EFBC}") = "Exercicio8", "Exercicio8\Exercicio8.csproj", "{C518F61B-03A5-4A50-9759-FE6AFE4A37B4}"
EndProject
Global
	GlobalSection(SolutionConfigurationPlatforms) = preSolution
		Debug|Any CPU = Debug|Any CPU
		Release|Any CPU = Release|Any CPU
	EndGlobalSection
	GlobalSection(ProjectConfigurationPlatforms) = postSolution
		{C518F61B-03A5-4A50-9759-FE6AFE4A37B4}.Debug|Any CPU.ActiveCfg = Debug|Any CPU
		{C518F61B-03A5-4A50-9759-FE6AFE4A37B4}.Debug|Any CPU.Build.0 = Debug|Any CPU
		{C518F61B-03A5-4A50-9759-FE6AFE4A37B4}.Release|Any CPU.ActiveCfg = Release|Any CPU
		{C518F61B-03A5-4A50-9759-FE6AFE4A37B4}.Release|Any CPU.Build.0 = Release|Any CPU
	EndGlobalSection
	GlobalSection(SolutionProperties) = preSolution
		HideSolutionNode = FALSE
	EndGlobalSection
	GlobalSection(ExtensibilityGlobals) = postSolution
		SolutionGuid = {A94D9283-38C2-46AD-BC08-3136AD74D06E}
	EndGlobalSection
EndGlobal
