
Microsoft Visual Studio Solution File, Format Version 12.00
# Visual Studio Version 16
VisualStudioVersion = 16.0.31605.320
MinimumVisualStudioVersion = 10.0.40219.1
Project("{FAE04EC0-301F-11D3-BF4B-00C04F79EFBC}") = "Resolvendo Segundo Exercicio", "Resolvendo Segundo Exercicio\Resolvendo Segundo Exercicio.csproj", "{5C5C3E78-380A-424D-82CF-8785CB24A9CB}"
EndProject
Global
	GlobalSection(SolutionConfigurationPlatforms) = preSolution
		Debug|Any CPU = Debug|Any CPU
		Release|Any CPU = Release|Any CPU
	EndGlobalSection
	GlobalSection(ProjectConfigurationPlatforms) = postSolution
		{5C5C3E78-380A-424D-82CF-8785CB24A9CB}.Debug|Any CPU.ActiveCfg = Debug|Any CPU
		{5C5C3E78-380A-424D-82CF-8785CB24A9CB}.Debug|Any CPU.Build.0 = Debug|Any CPU
		{5C5C3E78-380A-424D-82CF-8785CB24A9CB}.Release|Any CPU.ActiveCfg = Release|Any CPU
		{5C5C3E78-380A-424D-82CF-8785CB24A9CB}.Release|Any CPU.Build.0 = Release|Any CPU
	EndGlobalSection
	GlobalSection(SolutionProperties) = preSolution
		HideSolutionNode = FALSE
	EndGlobalSection
	GlobalSection(ExtensibilityGlobals) = postSolution
		SolutionGuid = {3608E125-3CC8-435E-9085-127A45C1F308}
	EndGlobalSection
EndGlobal
