
Microsoft Visual Studio Solution File, Format Version 12.00
# Visual Studio Version 16
VisualStudioVersion = 16.0.31019.35
MinimumVisualStudioVersion = 10.0.40219.1
Project("{FAE04EC0-301F-11D3-BF4B-00C04F79EFBC}") = "Course9", "Course9\Course9.csproj", "{E8DA56C8-6B05-41A4-9AD4-0694F64BD9DE}"
EndProject
Global
	GlobalSection(SolutionConfigurationPlatforms) = preSolution
		Debug|Any CPU = Debug|Any CPU
		Release|Any CPU = Release|Any CPU
	EndGlobalSection
	GlobalSection(ProjectConfigurationPlatforms) = postSolution
		{E8DA56C8-6B05-41A4-9AD4-0694F64BD9DE}.Debug|Any CPU.ActiveCfg = Debug|Any CPU
		{E8DA56C8-6B05-41A4-9AD4-0694F64BD9DE}.Debug|Any CPU.Build.0 = Debug|Any CPU
		{E8DA56C8-6B05-41A4-9AD4-0694F64BD9DE}.Release|Any CPU.ActiveCfg = Release|Any CPU
		{E8DA56C8-6B05-41A4-9AD4-0694F64BD9DE}.Release|Any CPU.Build.0 = Release|Any CPU
	EndGlobalSection
	GlobalSection(SolutionProperties) = preSolution
		HideSolutionNode = FALSE
	EndGlobalSection
	GlobalSection(ExtensibilityGlobals) = postSolution
		SolutionGuid = {F4D5591A-69D3-4E15-8D6C-A0B3DC082A7A}
	EndGlobalSection
EndGlobal
