
Microsoft Visual Studio Solution File, Format Version 12.00
# Visual Studio Version 16
VisualStudioVersion = 16.0.31605.320
MinimumVisualStudioVersion = 10.0.40219.1
Project("{FAE04EC0-301F-11D3-BF4B-00C04F79EFBC}") = "Criando Primeira Classe", "Criando Primeira Classe\Criando Primeira Classe.csproj", "{59CC3BD8-7766-4226-B122-B9B823351C62}"
EndProject
Global
	GlobalSection(SolutionConfigurationPlatforms) = preSolution
		Debug|Any CPU = Debug|Any CPU
		Release|Any CPU = Release|Any CPU
	EndGlobalSection
	GlobalSection(ProjectConfigurationPlatforms) = postSolution
		{59CC3BD8-7766-4226-B122-B9B823351C62}.Debug|Any CPU.ActiveCfg = Debug|Any CPU
		{59CC3BD8-7766-4226-B122-B9B823351C62}.Debug|Any CPU.Build.0 = Debug|Any CPU
		{59CC3BD8-7766-4226-B122-B9B823351C62}.Release|Any CPU.ActiveCfg = Release|Any CPU
		{59CC3BD8-7766-4226-B122-B9B823351C62}.Release|Any CPU.Build.0 = Release|Any CPU
	EndGlobalSection
	GlobalSection(SolutionProperties) = preSolution
		HideSolutionNode = FALSE
	EndGlobalSection
	GlobalSection(ExtensibilityGlobals) = postSolution
		SolutionGuid = {886E08CF-C259-4D83-BF4B-32EA4E5A10B9}
	EndGlobalSection
EndGlobal
