
Microsoft Visual Studio Solution File, Format Version 12.00
# Visual Studio Version 16
VisualStudioVersion = 16.0.31019.35
MinimumVisualStudioVersion = 10.0.40219.1
Project("{FAE04EC0-301F-11D3-BF4B-00C04F79EFBC}") = "PrimeiroExercicio", "PrimeiroExercicio\PrimeiroExercicio.csproj", "{D8C93BFE-BB69-4244-9C1C-D0258AA146AB}"
EndProject
Global
	GlobalSection(SolutionConfigurationPlatforms) = preSolution
		Debug|Any CPU = Debug|Any CPU
		Release|Any CPU = Release|Any CPU
	EndGlobalSection
	GlobalSection(ProjectConfigurationPlatforms) = postSolution
		{D8C93BFE-BB69-4244-9C1C-D0258AA146AB}.Debug|Any CPU.ActiveCfg = Debug|Any CPU
		{D8C93BFE-BB69-4244-9C1C-D0258AA146AB}.Debug|Any CPU.Build.0 = Debug|Any CPU
		{D8C93BFE-BB69-4244-9C1C-D0258AA146AB}.Release|Any CPU.ActiveCfg = Release|Any CPU
		{D8C93BFE-BB69-4244-9C1C-D0258AA146AB}.Release|Any CPU.Build.0 = Release|Any CPU
	EndGlobalSection
	GlobalSection(SolutionProperties) = preSolution
		HideSolutionNode = FALSE
	EndGlobalSection
	GlobalSection(ExtensibilityGlobals) = postSolution
		SolutionGuid = {168A689D-84BD-4F0B-ADB5-45F4F2045E03}
	EndGlobalSection
EndGlobal
