
Microsoft Visual Studio Solution File, Format Version 12.00
# Visual Studio Version 16
VisualStudioVersion = 16.0.31105.61
MinimumVisualStudioVersion = 10.0.40219.1
Project("{FAE04EC0-301F-11D3-BF4B-00C04F79EFBC}") = "While", "While\While.csproj", "{43982575-2B29-4DFD-9C6E-98C810208012}"
EndProject
Global
	GlobalSection(SolutionConfigurationPlatforms) = preSolution
		Debug|Any CPU = Debug|Any CPU
		Release|Any CPU = Release|Any CPU
	EndGlobalSection
	GlobalSection(ProjectConfigurationPlatforms) = postSolution
		{43982575-2B29-4DFD-9C6E-98C810208012}.Debug|Any CPU.ActiveCfg = Debug|Any CPU
		{43982575-2B29-4DFD-9C6E-98C810208012}.Debug|Any CPU.Build.0 = Debug|Any CPU
		{43982575-2B29-4DFD-9C6E-98C810208012}.Release|Any CPU.ActiveCfg = Release|Any CPU
		{43982575-2B29-4DFD-9C6E-98C810208012}.Release|Any CPU.Build.0 = Release|Any CPU
	EndGlobalSection
	GlobalSection(SolutionProperties) = preSolution
		HideSolutionNode = FALSE
	EndGlobalSection
	GlobalSection(ExtensibilityGlobals) = postSolution
		SolutionGuid = {EA4016BD-8BF9-4E8D-A5D5-7B95049FE217}
	EndGlobalSection
EndGlobal
