
Microsoft Visual Studio Solution File, Format Version 12.00
# Visual Studio Version 16
VisualStudioVersion = 16.0.31321.278
MinimumVisualStudioVersion = 10.0.40219.1
Project("{FAE04EC0-301F-11D3-BF4B-00C04F79EFBC}") = "Exercicio3", "Exercicio3\Exercicio3.csproj", "{94F51759-0CD4-4D31-9508-7E73ACAF2646}"
EndProject
Global
	GlobalSection(SolutionConfigurationPlatforms) = preSolution
		Debug|Any CPU = Debug|Any CPU
		Release|Any CPU = Release|Any CPU
	EndGlobalSection
	GlobalSection(ProjectConfigurationPlatforms) = postSolution
		{94F51759-0CD4-4D31-9508-7E73ACAF2646}.Debug|Any CPU.ActiveCfg = Debug|Any CPU
		{94F51759-0CD4-4D31-9508-7E73ACAF2646}.Debug|Any CPU.Build.0 = Debug|Any CPU
		{94F51759-0CD4-4D31-9508-7E73ACAF2646}.Release|Any CPU.ActiveCfg = Release|Any CPU
		{94F51759-0CD4-4D31-9508-7E73ACAF2646}.Release|Any CPU.Build.0 = Release|Any CPU
	EndGlobalSection
	GlobalSection(SolutionProperties) = preSolution
		HideSolutionNode = FALSE
	EndGlobalSection
	GlobalSection(ExtensibilityGlobals) = postSolution
		SolutionGuid = {DFD5E993-8142-43E1-9216-C0F62B770669}
	EndGlobalSection
EndGlobal
